
Microsoft Visual Studio Solution File, Format Version 11.00
# Visual Studio 2010
Project("{8BC9CEB8-8B4A-11D0-8D11-00A0C91BC942}") = "3d", "3d.vcxproj", "{58392FC8-CEA1-4A76-A9BE-DD40A8BE8A40}"
EndProject
Project("{8BC9CEB8-8B4A-11D0-8D11-00A0C91BC942}") = "asyncio", "asyncio.vcxproj", "{25496BA2-E43D-49B0-B36B-9A82EB4DF01A}"
EndProject
Project("{8BC9CEB8-8B4A-11D0-8D11-00A0C91BC942}") = "channel_groups", "channel_groups.vcxproj", "{DC17B4FC-F282-4CE3-8B25-15319C9BCD7E}"
EndProject
Project("{8BC9CEB8-8B4A-11D0-8D11-00A0C91BC942}") = "convolution_reverb", "convolution_reverb.vcxproj", "{78C35F39-E5E5-41BC-A491-64192CA44956}"
EndProject
Project("{8BC9CEB8-8B4A-11D0-8D11-00A0C91BC942}") = "dsp_custom", "dsp_custom.vcxproj", "{3107493E-1DC7-46A5-A920-E1BC1F940086}"
EndProject
Project("{8BC9CEB8-8B4A-11D0-8D11-00A0C91BC942}") = "dsp_effect_per_speaker", "dsp_effect_per_speaker.vcxproj", "{CC7361A5-3AE3-4ED8-847F-2B288BA12383}"
EndProject
Project("{8BC9CEB8-8B4A-11D0-8D11-00A0C91BC942}") = "dsp_inspector", "dsp_inspector.vcxproj", "{29E9F69F-95EA-46E4-8851-42C63488D35B}"
EndProject
Project("{8BC9CEB8-8B4A-11D0-8D11-00A0C91BC942}") = "effects", "effects.vcxproj", "{7CCA00BB-12EE-4FF9-9EA5-EBFA8C8D6425}"
EndProject
Project("{8BC9CEB8-8B4A-11D0-8D11-00A0C91BC942}") = "gapless_playback", "gapless_playback.vcxproj", "{9D860F02-2A53-42E5-B924-A40F92FFE56D}"
EndProject
Project("{8BC9CEB8-8B4A-11D0-8D11-00A0C91BC942}") = "generate_tone", "generate_tone.vcxproj", "{C007908F-998E-42ED-8967-2B89166A6A14}"
EndProject
Project("{8BC9CEB8-8B4A-11D0-8D11-00A0C91BC942}") = "granular_synth", "granular_synth.vcxproj", "{646E4703-6B94-46D6-B803-3140F42D63AB}"
EndProject
Project("{8BC9CEB8-8B4A-11D0-8D11-00A0C91BC942}") = "load_from_memory", "load_from_memory.vcxproj", "{401F63E3-2FDA-4DB5-98A2-377B070C208C}"
EndProject
Project("{8BC9CEB8-8B4A-11D0-8D11-00A0C91BC942}") = "multiple_speaker", "multiple_speaker.vcxproj", "{19C78CD6-2B8A-4828-81DE-98B38DAEC921}"
EndProject
Project("{8BC9CEB8-8B4A-11D0-8D11-00A0C91BC942}") = "multiple_system", "multiple_system.vcxproj", "{B64AF651-CBB0-47CA-A0B3-7DC1AE1E164C}"
EndProject
Project("{8BC9CEB8-8B4A-11D0-8D11-00A0C91BC942}") = "net_stream", "net_stream.vcxproj", "{D1E85EB4-4C30-4B8F-A5EC-2DB1880C3DD7}"
EndProject
Project("{8BC9CEB8-8B4A-11D0-8D11-00A0C91BC942}") = "play_sound", "play_sound.vcxproj", "{AB87002A-971C-43B0-A396-3EB992A53218}"
EndProject
Project("{8BC9CEB8-8B4A-11D0-8D11-00A0C91BC942}") = "play_stream", "play_stream.vcxproj", "{11E31BA1-63A4-4419-9DD6-CE595999638E}"
EndProject
Project("{8BC9CEB8-8B4A-11D0-8D11-00A0C91BC942}") = "record", "record.vcxproj", "{6BA458FD-6B67-467D-BB9E-9545413AF785}"
EndProject
Project("{8BC9CEB8-8B4A-11D0-8D11-00A0C91BC942}") = "record_enumeration", "record_enumeration.vcxproj", "{D17A05FF-9F58-4F5A-9E84-EE3EAD3A21BA}"
EndProject
Project("{8BC9CEB8-8B4A-11D0-8D11-00A0C91BC942}") = "user_created_sound", "user_created_sound.vcxproj", "{BA301726-8DAC-4595-BB4D-35DC500AB37D}"
EndProject
Project("{8BC9CEB8-8B4A-11D0-8D11-00A0C91BC942}") = "fmod_codec_raw", "fmod_codec_raw.vcxproj", "{D2A5E583-594D-4B2E-BC66-BE6586CD1F7D}"
EndProject
Project("{8BC9CEB8-8B4A-11D0-8D11-00A0C91BC942}") = "fmod_distance_filter", "fmod_distance_filter.vcxproj", "{7EBFB6BB-241D-481D-80E5-A96B0E6DDF9C}"
EndProject
Project("{8BC9CEB8-8B4A-11D0-8D11-00A0C91BC942}") = "fmod_gain", "fmod_gain.vcxproj", "{4930BD81-201D-4EE5-A232-15A9011CD533}"
EndProject
Project("{8BC9CEB8-8B4A-11D0-8D11-00A0C91BC942}") = "fmod_noise", "fmod_noise.vcxproj", "{E453865D-47AE-4648-8AEC-8F71E5F9FBC0}"
EndProject
Project("{8BC9CEB8-8B4A-11D0-8D11-00A0C91BC942}") = "output_mp3", "output_mp3.vcxproj", "{B303CCC6-B6A5-4D4B-ABAB-43BA3865EA89}"
EndProject
Global
	GlobalSection(SolutionConfigurationPlatforms) = preSolution
		Debug|Win32 = Debug|Win32
		Debug|x64 = Debug|x64
		Release|Win32 = Release|Win32
		Release|x64 = Release|x64
	EndGlobalSection
	GlobalSection(ProjectConfigurationPlatforms) = postSolution
		{58392FC8-CEA1-4A76-A9BE-DD40A8BE8A40}.Debug|Win32.ActiveCfg = Debug|Win32
		{58392FC8-CEA1-4A76-A9BE-DD40A8BE8A40}.Debug|Win32.Build.0 = Debug|Win32
		{58392FC8-CEA1-4A76-A9BE-DD40A8BE8A40}.Debug|Win32.Deploy.0 = Debug|Win32
		{58392FC8-CEA1-4A76-A9BE-DD40A8BE8A40}.Debug|x64.ActiveCfg = Debug|x64
		{58392FC8-CEA1-4A76-A9BE-DD40A8BE8A40}.Debug|x64.Build.0 = Debug|x64
		{58392FC8-CEA1-4A76-A9BE-DD40A8BE8A40}.Debug|x64.Deploy.0 = Debug|x64
		{58392FC8-CEA1-4A76-A9BE-DD40A8BE8A40}.Release|Win32.ActiveCfg = Release|Win32
		{58392FC8-CEA1-4A76-A9BE-DD40A8BE8A40}.Release|Win32.Build.0 = Release|Win32
		{58392FC8-CEA1-4A76-A9BE-DD40A8BE8A40}.Release|Win32.Deploy.0 = Release|Win32
		{58392FC8-CEA1-4A76-A9BE-DD40A8BE8A40}.Release|x64.ActiveCfg = Release|x64
		{58392FC8-CEA1-4A76-A9BE-DD40A8BE8A40}.Release|x64.Build.0 = Release|x64
		{58392FC8-CEA1-4A76-A9BE-DD40A8BE8A40}.Release|x64.Deploy.0 = Release|x64
		{25496BA2-E43D-49B0-B36B-9A82EB4DF01A}.Debug|Win32.ActiveCfg = Debug|Win32
		{25496BA2-E43D-49B0-B36B-9A82EB4DF01A}.Debug|Win32.Build.0 = Debug|Win32
		{25496BA2-E43D-49B0-B36B-9A82EB4DF01A}.Debug|Win32.Deploy.0 = Debug|Win32
		{25496BA2-E43D-49B0-B36B-9A82EB4DF01A}.Debug|x64.ActiveCfg = Debug|x64
		{25496BA2-E43D-49B0-B36B-9A82EB4DF01A}.Debug|x64.Build.0 = Debug|x64
		{25496BA2-E43D-49B0-B36B-9A82EB4DF01A}.Debug|x64.Deploy.0 = Debug|x64
		{25496BA2-E43D-49B0-B36B-9A82EB4DF01A}.Release|Win32.ActiveCfg = Release|Win32
		{25496BA2-E43D-49B0-B36B-9A82EB4DF01A}.Release|Win32.Build.0 = Release|Win32
		{25496BA2-E43D-49B0-B36B-9A82EB4DF01A}.Release|Win32.Deploy.0 = Release|Win32
		{25496BA2-E43D-49B0-B36B-9A82EB4DF01A}.Release|x64.ActiveCfg = Release|x64
		{25496BA2-E43D-49B0-B36B-9A82EB4DF01A}.Release|x64.Build.0 = Release|x64
		{25496BA2-E43D-49B0-B36B-9A82EB4DF01A}.Release|x64.Deploy.0 = Release|x64
		{DC17B4FC-F282-4CE3-8B25-15319C9BCD7E}.Debug|Win32.ActiveCfg = Debug|Win32
		{DC17B4FC-F282-4CE3-8B25-15319C9BCD7E}.Debug|Win32.Build.0 = Debug|Win32
		{DC17B4FC-F282-4CE3-8B25-15319C9BCD7E}.Debug|Win32.Deploy.0 = Debug|Win32
		{DC17B4FC-F282-4CE3-8B25-15319C9BCD7E}.Debug|x64.ActiveCfg = Debug|x64
		{DC17B4FC-F282-4CE3-8B25-15319C9BCD7E}.Debug|x64.Build.0 = Debug|x64
		{DC17B4FC-F282-4CE3-8B25-15319C9BCD7E}.Debug|x64.Deploy.0 = Debug|x64
		{DC17B4FC-F282-4CE3-8B25-15319C9BCD7E}.Release|Win32.ActiveCfg = Release|Win32
		{DC17B4FC-F282-4CE3-8B25-15319C9BCD7E}.Release|Win32.Build.0 = Release|Win32
		{DC17B4FC-F282-4CE3-8B25-15319C9BCD7E}.Release|Win32.Deploy.0 = Release|Win32
		{DC17B4FC-F282-4CE3-8B25-15319C9BCD7E}.Release|x64.ActiveCfg = Release|x64
		{DC17B4FC-F282-4CE3-8B25-15319C9BCD7E}.Release|x64.Build.0 = Release|x64
		{DC17B4FC-F282-4CE3-8B25-15319C9BCD7E}.Release|x64.Deploy.0 = Release|x64
		{78C35F39-E5E5-41BC-A491-64192CA44956}.Debug|Win32.ActiveCfg = Debug|Win32
		{78C35F39-E5E5-41BC-A491-64192CA44956}.Debug|Win32.Build.0 = Debug|Win32
		{78C35F39-E5E5-41BC-A491-64192CA44956}.Debug|Win32.Deploy.0 = Debug|Win32
		{78C35F39-E5E5-41BC-A491-64192CA44956}.Debug|x64.ActiveCfg = Debug|x64
		{78C35F39-E5E5-41BC-A491-64192CA44956}.Debug|x64.Build.0 = Debug|x64
		{78C35F39-E5E5-41BC-A491-64192CA44956}.Debug|x64.Deploy.0 = Debug|x64
		{78C35F39-E5E5-41BC-A491-64192CA44956}.Release|Win32.ActiveCfg = Release|Win32
		{78C35F39-E5E5-41BC-A491-64192CA44956}.Release|Win32.Build.0 = Release|Win32
		{78C35F39-E5E5-41BC-A491-64192CA44956}.Release|Win32.Deploy.0 = Release|Win32
		{78C35F39-E5E5-41BC-A491-64192CA44956}.Release|x64.ActiveCfg = Release|x64
		{78C35F39-E5E5-41BC-A491-64192CA44956}.Release|x64.Build.0 = Release|x64
		{78C35F39-E5E5-41BC-A491-64192CA44956}.Release|x64.Deploy.0 = Release|x64
		{3107493E-1DC7-46A5-A920-E1BC1F940086}.Debug|Win32.ActiveCfg = Debug|Win32
		{3107493E-1DC7-46A5-A920-E1BC1F940086}.Debug|Win32.Build.0 = Debug|Win32
		{3107493E-1DC7-46A5-A920-E1BC1F940086}.Debug|Win32.Deploy.0 = Debug|Win32
		{3107493E-1DC7-46A5-A920-E1BC1F940086}.Debug|x64.ActiveCfg = Debug|x64
		{3107493E-1DC7-46A5-A920-E1BC1F940086}.Debug|x64.Build.0 = Debug|x64
		{3107493E-1DC7-46A5-A920-E1BC1F940086}.Debug|x64.Deploy.0 = Debug|x64
		{3107493E-1DC7-46A5-A920-E1BC1F940086}.Release|Win32.ActiveCfg = Release|Win32
		{3107493E-1DC7-46A5-A920-E1BC1F940086}.Release|Win32.Build.0 = Release|Win32
		{3107493E-1DC7-46A5-A920-E1BC1F940086}.Release|Win32.Deploy.0 = Release|Win32
		{3107493E-1DC7-46A5-A920-E1BC1F940086}.Release|x64.ActiveCfg = Release|x64
		{3107493E-1DC7-46A5-A920-E1BC1F940086}.Release|x64.Build.0 = Release|x64
		{3107493E-1DC7-46A5-A920-E1BC1F940086}.Release|x64.Deploy.0 = Release|x64
		{CC7361A5-3AE3-4ED8-847F-2B288BA12383}.Debug|Win32.ActiveCfg = Debug|Win32
		{CC7361A5-3AE3-4ED8-847F-2B288BA12383}.Debug|Win32.Build.0 = Debug|Win32
		{CC7361A5-3AE3-4ED8-847F-2B288BA12383}.Debug|Win32.Deploy.0 = Debug|Win32
		{CC7361A5-3AE3-4ED8-847F-2B288BA12383}.Debug|x64.ActiveCfg = Debug|x64
		{CC7361A5-3AE3-4ED8-847F-2B288BA12383}.Debug|x64.Build.0 = Debug|x64
		{CC7361A5-3AE3-4ED8-847F-2B288BA12383}.Debug|x64.Deploy.0 = Debug|x64
		{CC7361A5-3AE3-4ED8-847F-2B288BA12383}.Release|Win32.ActiveCfg = Release|Win32
		{CC7361A5-3AE3-4ED8-847F-2B288BA12383}.Release|Win32.Build.0 = Release|Win32
		{CC7361A5-3AE3-4ED8-847F-2B288BA12383}.Release|Win32.Deploy.0 = Release|Win32
		{CC7361A5-3AE3-4ED8-847F-2B288BA12383}.Release|x64.ActiveCfg = Release|x64
		{CC7361A5-3AE3-4ED8-847F-2B288BA12383}.Release|x64.Build.0 = Release|x64
		{CC7361A5-3AE3-4ED8-847F-2B288BA12383}.Release|x64.Deploy.0 = Release|x64
		{29E9F69F-95EA-46E4-8851-42C63488D35B}.Debug|Win32.ActiveCfg = Debug|Win32
		{29E9F69F-95EA-46E4-8851-42C63488D35B}.Debug|Win32.Build.0 = Debug|Win32
		{29E9F69F-95EA-46E4-8851-42C63488D35B}.Debug|Win32.Deploy.0 = Debug|Win32
		{29E9F69F-95EA-46E4-8851-42C63488D35B}.Debug|x64.ActiveCfg = Debug|x64
		{29E9F69F-95EA-46E4-8851-42C63488D35B}.Debug|x64.Build.0 = Debug|x64
		{29E9F69F-95EA-46E4-8851-42C63488D35B}.Debug|x64.Deploy.0 = Debug|x64
		{29E9F69F-95EA-46E4-8851-42C63488D35B}.Release|Win32.ActiveCfg = Release|Win32
		{29E9F69F-95EA-46E4-8851-42C63488D35B}.Release|Win32.Build.0 = Release|Win32
		{29E9F69F-95EA-46E4-8851-42C63488D35B}.Release|Win32.Deploy.0 = Release|Win32
		{29E9F69F-95EA-46E4-8851-42C63488D35B}.Release|x64.ActiveCfg = Release|x64
		{29E9F69F-95EA-46E4-8851-42C63488D35B}.Release|x64.Build.0 = Release|x64
		{29E9F69F-95EA-46E4-8851-42C63488D35B}.Release|x64.Deploy.0 = Release|x64
		{7CCA00BB-12EE-4FF9-9EA5-EBFA8C8D6425}.Debug|Win32.ActiveCfg = Debug|Win32
		{7CCA00BB-12EE-4FF9-9EA5-EBFA8C8D6425}.Debug|Win32.Build.0 = Debug|Win32
		{7CCA00BB-12EE-4FF9-9EA5-EBFA8C8D6425}.Debug|Win32.Deploy.0 = Debug|Win32
		{7CCA00BB-12EE-4FF9-9EA5-EBFA8C8D6425}.Debug|x64.ActiveCfg = Debug|x64
		{7CCA00BB-12EE-4FF9-9EA5-EBFA8C8D6425}.Debug|x64.Build.0 = Debug|x64
		{7CCA00BB-12EE-4FF9-9EA5-EBFA8C8D6425}.Debug|x64.Deploy.0 = Debug|x64
		{7CCA00BB-12EE-4FF9-9EA5-EBFA8C8D6425}.Release|Win32.ActiveCfg = Release|Win32
		{7CCA00BB-12EE-4FF9-9EA5-EBFA8C8D6425}.Release|Win32.Build.0 = Release|Win32
		{7CCA00BB-12EE-4FF9-9EA5-EBFA8C8D6425}.Release|Win32.Deploy.0 = Release|Win32
		{7CCA00BB-12EE-4FF9-9EA5-EBFA8C8D6425}.Release|x64.ActiveCfg = Release|x64
		{7CCA00BB-12EE-4FF9-9EA5-EBFA8C8D6425}.Release|x64.Build.0 = Release|x64
		{7CCA00BB-12EE-4FF9-9EA5-EBFA8C8D6425}.Release|x64.Deploy.0 = Release|x64
		{9D860F02-2A53-42E5-B924-A40F92FFE56D}.Debug|Win32.ActiveCfg = Debug|Win32
		{9D860F02-2A53-42E5-B924-A40F92FFE56D}.Debug|Win32.Build.0 = Debug|Win32
		{9D860F02-2A53-42E5-B924-A40F92FFE56D}.Debug|Win32.Deploy.0 = Debug|Win32
		{9D860F02-2A53-42E5-B924-A40F92FFE56D}.Debug|x64.ActiveCfg = Debug|x64
		{9D860F02-2A53-42E5-B924-A40F92FFE56D}.Debug|x64.Build.0 = Debug|x64
		{9D860F02-2A53-42E5-B924-A40F92FFE56D}.Debug|x64.Deploy.0 = Debug|x64
		{9D860F02-2A53-42E5-B924-A40F92FFE56D}.Release|Win32.ActiveCfg = Release|Win32
		{9D860F02-2A53-42E5-B924-A40F92FFE56D}.Release|Win32.Build.0 = Release|Win32
		{9D860F02-2A53-42E5-B924-A40F92FFE56D}.Release|Win32.Deploy.0 = Release|Win32
		{9D860F02-2A53-42E5-B924-A40F92FFE56D}.Release|x64.ActiveCfg = Release|x64
		{9D860F02-2A53-42E5-B924-A40F92FFE56D}.Release|x64.Build.0 = Release|x64
		{9D860F02-2A53-42E5-B924-A40F92FFE56D}.Release|x64.Deploy.0 = Release|x64
		{C007908F-998E-42ED-8967-2B89166A6A14}.Debug|Win32.ActiveCfg = Debug|Win32
		{C007908F-998E-42ED-8967-2B89166A6A14}.Debug|Win32.Build.0 = Debug|Win32
		{C007908F-998E-42ED-8967-2B89166A6A14}.Debug|Win32.Deploy.0 = Debug|Win32
		{C007908F-998E-42ED-8967-2B89166A6A14}.Debug|x64.ActiveCfg = Debug|x64
		{C007908F-998E-42ED-8967-2B89166A6A14}.Debug|x64.Build.0 = Debug|x64
		{C007908F-998E-42ED-8967-2B89166A6A14}.Debug|x64.Deploy.0 = Debug|x64
		{C007908F-998E-42ED-8967-2B89166A6A14}.Release|Win32.ActiveCfg = Release|Win32
		{C007908F-998E-42ED-8967-2B89166A6A14}.Release|Win32.Build.0 = Release|Win32
		{C007908F-998E-42ED-8967-2B89166A6A14}.Release|Win32.Deploy.0 = Release|Win32
		{C007908F-998E-42ED-8967-2B89166A6A14}.Release|x64.ActiveCfg = Release|x64
		{C007908F-998E-42ED-8967-2B89166A6A14}.Release|x64.Build.0 = Release|x64
		{C007908F-998E-42ED-8967-2B89166A6A14}.Release|x64.Deploy.0 = Release|x64
		{646E4703-6B94-46D6-B803-3140F42D63AB}.Debug|Win32.ActiveCfg = Debug|Win32
		{646E4703-6B94-46D6-B803-3140F42D63AB}.Debug|Win32.Build.0 = Debug|Win32
		{646E4703-6B94-46D6-B803-3140F42D63AB}.Debug|Win32.Deploy.0 = Debug|Win32
		{646E4703-6B94-46D6-B803-3140F42D63AB}.Debug|x64.ActiveCfg = Debug|x64
		{646E4703-6B94-46D6-B803-3140F42D63AB}.Debug|x64.Build.0 = Debug|x64
		{646E4703-6B94-46D6-B803-3140F42D63AB}.Debug|x64.Deploy.0 = Debug|x64
		{646E4703-6B94-46D6-B803-3140F42D63AB}.Release|Win32.ActiveCfg = Release|Win32
		{646E4703-6B94-46D6-B803-3140F42D63AB}.Release|Win32.Build.0 = Release|Win32
		{646E4703-6B94-46D6-B803-3140F42D63AB}.Release|Win32.Deploy.0 = Release|Win32
		{646E4703-6B94-46D6-B803-3140F42D63AB}.Release|x64.ActiveCfg = Release|x64
		{646E4703-6B94-46D6-B803-3140F42D63AB}.Release|x64.Build.0 = Release|x64
		{646E4703-6B94-46D6-B803-3140F42D63AB}.Release|x64.Deploy.0 = Release|x64
		{401F63E3-2FDA-4DB5-98A2-377B070C208C}.Debug|Win32.ActiveCfg = Debug|Win32
		{401F63E3-2FDA-4DB5-98A2-377B070C208C}.Debug|Win32.Build.0 = Debug|Win32
		{401F63E3-2FDA-4DB5-98A2-377B070C208C}.Debug|Win32.Deploy.0 = Debug|Win32
		{401F63E3-2FDA-4DB5-98A2-377B070C208C}.Debug|x64.ActiveCfg = Debug|x64
		{401F63E3-2FDA-4DB5-98A2-377B070C208C}.Debug|x64.Build.0 = Debug|x64
		{401F63E3-2FDA-4DB5-98A2-377B070C208C}.Debug|x64.Deploy.0 = Debug|x64
		{401F63E3-2FDA-4DB5-98A2-377B070C208C}.Release|Win32.ActiveCfg = Release|Win32
		{401F63E3-2FDA-4DB5-98A2-377B070C208C}.Release|Win32.Build.0 = Release|Win32
		{401F63E3-2FDA-4DB5-98A2-377B070C208C}.Release|Win32.Deploy.0 = Release|Win32
		{401F63E3-2FDA-4DB5-98A2-377B070C208C}.Release|x64.ActiveCfg = Release|x64
		{401F63E3-2FDA-4DB5-98A2-377B070C208C}.Release|x64.Build.0 = Release|x64
		{401F63E3-2FDA-4DB5-98A2-377B070C208C}.Release|x64.Deploy.0 = Release|x64
		{19C78CD6-2B8A-4828-81DE-98B38DAEC921}.Debug|Win32.ActiveCfg = Debug|Win32
		{19C78CD6-2B8A-4828-81DE-98B38DAEC921}.Debug|Win32.Build.0 = Debug|Win32
		{19C78CD6-2B8A-4828-81DE-98B38DAEC921}.Debug|Win32.Deploy.0 = Debug|Win32
		{19C78CD6-2B8A-4828-81DE-98B38DAEC921}.Debug|x64.ActiveCfg = Debug|x64
		{19C78CD6-2B8A-4828-81DE-98B38DAEC921}.Debug|x64.Build.0 = Debug|x64
		{19C78CD6-2B8A-4828-81DE-98B38DAEC921}.Debug|x64.Deploy.0 = Debug|x64
		{19C78CD6-2B8A-4828-81DE-98B38DAEC921}.Release|Win32.ActiveCfg = Release|Win32
		{19C78CD6-2B8A-4828-81DE-98B38DAEC921}.Release|Win32.Build.0 = Release|Win32
		{19C78CD6-2B8A-4828-81DE-98B38DAEC921}.Release|Win32.Deploy.0 = Release|Win32
		{19C78CD6-2B8A-4828-81DE-98B38DAEC921}.Release|x64.ActiveCfg = Release|x64
		{19C78CD6-2B8A-4828-81DE-98B38DAEC921}.Release|x64.Build.0 = Release|x64
		{19C78CD6-2B8A-4828-81DE-98B38DAEC921}.Release|x64.Deploy.0 = Release|x64
		{B64AF651-CBB0-47CA-A0B3-7DC1AE1E164C}.Debug|Win32.ActiveCfg = Debug|Win32
		{B64AF651-CBB0-47CA-A0B3-7DC1AE1E164C}.Debug|Win32.Build.0 = Debug|Win32
		{B64AF651-CBB0-47CA-A0B3-7DC1AE1E164C}.Debug|Win32.Deploy.0 = Debug|Win32
		{B64AF651-CBB0-47CA-A0B3-7DC1AE1E164C}.Debug|x64.ActiveCfg = Debug|x64
		{B64AF651-CBB0-47CA-A0B3-7DC1AE1E164C}.Debug|x64.Build.0 = Debug|x64
		{B64AF651-CBB0-47CA-A0B3-7DC1AE1E164C}.Debug|x64.Deploy.0 = Debug|x64
		{B64AF651-CBB0-47CA-A0B3-7DC1AE1E164C}.Release|Win32.ActiveCfg = Release|Win32
		{B64AF651-CBB0-47CA-A0B3-7DC1AE1E164C}.Release|Win32.Build.0 = Release|Win32
		{B64AF651-CBB0-47CA-A0B3-7DC1AE1E164C}.Release|Win32.Deploy.0 = Release|Win32
		{B64AF651-CBB0-47CA-A0B3-7DC1AE1E164C}.Release|x64.ActiveCfg = Release|x64
		{B64AF651-CBB0-47CA-A0B3-7DC1AE1E164C}.Release|x64.Build.0 = Release|x64
		{B64AF651-CBB0-47CA-A0B3-7DC1AE1E164C}.Release|x64.Deploy.0 = Release|x64
		{D1E85EB4-4C30-4B8F-A5EC-2DB1880C3DD7}.Debug|Win32.ActiveCfg = Debug|Win32
		{D1E85EB4-4C30-4B8F-A5EC-2DB1880C3DD7}.Debug|Win32.Build.0 = Debug|Win32
		{D1E85EB4-4C30-4B8F-A5EC-2DB1880C3DD7}.Debug|Win32.Deploy.0 = Debug|Win32
		{D1E85EB4-4C30-4B8F-A5EC-2DB1880C3DD7}.Debug|x64.ActiveCfg = Debug|x64
		{D1E85EB4-4C30-4B8F-A5EC-2DB1880C3DD7}.Debug|x64.Build.0 = Debug|x64
		{D1E85EB4-4C30-4B8F-A5EC-2DB1880C3DD7}.Debug|x64.Deploy.0 = Debug|x64
		{D1E85EB4-4C30-4B8F-A5EC-2DB1880C3DD7}.Release|Win32.ActiveCfg = Release|Win32
		{D1E85EB4-4C30-4B8F-A5EC-2DB1880C3DD7}.Release|Win32.Build.0 = Release|Win32
		{D1E85EB4-4C30-4B8F-A5EC-2DB1880C3DD7}.Release|Win32.Deploy.0 = Release|Win32
		{D1E85EB4-4C30-4B8F-A5EC-2DB1880C3DD7}.Release|x64.ActiveCfg = Release|x64
		{D1E85EB4-4C30-4B8F-A5EC-2DB1880C3DD7}.Release|x64.Build.0 = Release|x64
		{D1E85EB4-4C30-4B8F-A5EC-2DB1880C3DD7}.Release|x64.Deploy.0 = Release|x64
		{AB87002A-971C-43B0-A396-3EB992A53218}.Debug|Win32.ActiveCfg = Debug|Win32
		{AB87002A-971C-43B0-A396-3EB992A53218}.Debug|Win32.Build.0 = Debug|Win32
		{AB87002A-971C-43B0-A396-3EB992A53218}.Debug|Win32.Deploy.0 = Debug|Win32
		{AB87002A-971C-43B0-A396-3EB992A53218}.Debug|x64.ActiveCfg = Debug|x64
		{AB87002A-971C-43B0-A396-3EB992A53218}.Debug|x64.Build.0 = Debug|x64
		{AB87002A-971C-43B0-A396-3EB992A53218}.Debug|x64.Deploy.0 = Debug|x64
		{AB87002A-971C-43B0-A396-3EB992A53218}.Release|Win32.ActiveCfg = Release|Win32
		{AB87002A-971C-43B0-A396-3EB992A53218}.Release|Win32.Build.0 = Release|Win32
		{AB87002A-971C-43B0-A396-3EB992A53218}.Release|Win32.Deploy.0 = Release|Win32
		{AB87002A-971C-43B0-A396-3EB992A53218}.Release|x64.ActiveCfg = Release|x64
		{AB87002A-971C-43B0-A396-3EB992A53218}.Release|x64.Build.0 = Release|x64
		{AB87002A-971C-43B0-A396-3EB992A53218}.Release|x64.Deploy.0 = Release|x64
		{11E31BA1-63A4-4419-9DD6-CE595999638E}.Debug|Win32.ActiveCfg = Debug|Win32
		{11E31BA1-63A4-4419-9DD6-CE595999638E}.Debug|Win32.Build.0 = Debug|Win32
		{11E31BA1-63A4-4419-9DD6-CE595999638E}.Debug|Win32.Deploy.0 = Debug|Win32
		{11E31BA1-63A4-4419-9DD6-CE595999638E}.Debug|x64.ActiveCfg = Debug|x64
		{11E31BA1-63A4-4419-9DD6-CE595999638E}.Debug|x64.Build.0 = Debug|x64
		{11E31BA1-63A4-4419-9DD6-CE595999638E}.Debug|x64.Deploy.0 = Debug|x64
		{11E31BA1-63A4-4419-9DD6-CE595999638E}.Release|Win32.ActiveCfg = Release|Win32
		{11E31BA1-63A4-4419-9DD6-CE595999638E}.Release|Win32.Build.0 = Release|Win32
		{11E31BA1-63A4-4419-9DD6-CE595999638E}.Release|Win32.Deploy.0 = Release|Win32
		{11E31BA1-63A4-4419-9DD6-CE595999638E}.Release|x64.ActiveCfg = Release|x64
		{11E31BA1-63A4-4419-9DD6-CE595999638E}.Release|x64.Build.0 = Release|x64
		{11E31BA1-63A4-4419-9DD6-CE595999638E}.Release|x64.Deploy.0 = Release|x64
		{6BA458FD-6B67-467D-BB9E-9545413AF785}.Debug|Win32.ActiveCfg = Debug|Win32
		{6BA458FD-6B67-467D-BB9E-9545413AF785}.Debug|Win32.Build.0 = Debug|Win32
		{6BA458FD-6B67-467D-BB9E-9545413AF785}.Debug|Win32.Deploy.0 = Debug|Win32
		{6BA458FD-6B67-467D-BB9E-9545413AF785}.Debug|x64.ActiveCfg = Debug|x64
		{6BA458FD-6B67-467D-BB9E-9545413AF785}.Debug|x64.Build.0 = Debug|x64
		{6BA458FD-6B67-467D-BB9E-9545413AF785}.Debug|x64.Deploy.0 = Debug|x64
		{6BA458FD-6B67-467D-BB9E-9545413AF785}.Release|Win32.ActiveCfg = Release|Win32
		{6BA458FD-6B67-467D-BB9E-9545413AF785}.Release|Win32.Build.0 = Release|Win32
		{6BA458FD-6B67-467D-BB9E-9545413AF785}.Release|Win32.Deploy.0 = Release|Win32
		{6BA458FD-6B67-467D-BB9E-9545413AF785}.Release|x64.ActiveCfg = Release|x64
		{6BA458FD-6B67-467D-BB9E-9545413AF785}.Release|x64.Build.0 = Release|x64
		{6BA458FD-6B67-467D-BB9E-9545413AF785}.Release|x64.Deploy.0 = Release|x64
		{D17A05FF-9F58-4F5A-9E84-EE3EAD3A21BA}.Debug|Win32.ActiveCfg = Debug|Win32
		{D17A05FF-9F58-4F5A-9E84-EE3EAD3A21BA}.Debug|Win32.Build.0 = Debug|Win32
		{D17A05FF-9F58-4F5A-9E84-EE3EAD3A21BA}.Debug|Win32.Deploy.0 = Debug|Win32
		{D17A05FF-9F58-4F5A-9E84-EE3EAD3A21BA}.Debug|x64.ActiveCfg = Debug|x64
		{D17A05FF-9F58-4F5A-9E84-EE3EAD3A21BA}.Debug|x64.Build.0 = Debug|x64
		{D17A05FF-9F58-4F5A-9E84-EE3EAD3A21BA}.Debug|x64.Deploy.0 = Debug|x64
		{D17A05FF-9F58-4F5A-9E84-EE3EAD3A21BA}.Release|Win32.ActiveCfg = Release|Win32
		{D17A05FF-9F58-4F5A-9E84-EE3EAD3A21BA}.Release|Win32.Build.0 = Release|Win32
		{D17A05FF-9F58-4F5A-9E84-EE3EAD3A21BA}.Release|Win32.Deploy.0 = Release|Win32
		{D17A05FF-9F58-4F5A-9E84-EE3EAD3A21BA}.Release|x64.ActiveCfg = Release|x64
		{D17A05FF-9F58-4F5A-9E84-EE3EAD3A21BA}.Release|x64.Build.0 = Release|x64
		{D17A05FF-9F58-4F5A-9E84-EE3EAD3A21BA}.Release|x64.Deploy.0 = Release|x64
		{BA301726-8DAC-4595-BB4D-35DC500AB37D}.Debug|Win32.ActiveCfg = Debug|Win32
		{BA301726-8DAC-4595-BB4D-35DC500AB37D}.Debug|Win32.Build.0 = Debug|Win32
		{BA301726-8DAC-4595-BB4D-35DC500AB37D}.Debug|Win32.Deploy.0 = Debug|Win32
		{BA301726-8DAC-4595-BB4D-35DC500AB37D}.Debug|x64.ActiveCfg = Debug|x64
		{BA301726-8DAC-4595-BB4D-35DC500AB37D}.Debug|x64.Build.0 = Debug|x64
		{BA301726-8DAC-4595-BB4D-35DC500AB37D}.Debug|x64.Deploy.0 = Debug|x64
		{BA301726-8DAC-4595-BB4D-35DC500AB37D}.Release|Win32.ActiveCfg = Release|Win32
		{BA301726-8DAC-4595-BB4D-35DC500AB37D}.Release|Win32.Build.0 = Release|Win32
		{BA301726-8DAC-4595-BB4D-35DC500AB37D}.Release|Win32.Deploy.0 = Release|Win32
		{BA301726-8DAC-4595-BB4D-35DC500AB37D}.Release|x64.ActiveCfg = Release|x64
		{BA301726-8DAC-4595-BB4D-35DC500AB37D}.Release|x64.Build.0 = Release|x64
		{BA301726-8DAC-4595-BB4D-35DC500AB37D}.Release|x64.Deploy.0 = Release|x64
		{D2A5E583-594D-4B2E-BC66-BE6586CD1F7D}.Debug|Win32.ActiveCfg = Debug|Win32
		{D2A5E583-594D-4B2E-BC66-BE6586CD1F7D}.Debug|Win32.Build.0 = Debug|Win32
		{D2A5E583-594D-4B2E-BC66-BE6586CD1F7D}.Debug|Win32.Deploy.0 = Debug|Win32
		{D2A5E583-594D-4B2E-BC66-BE6586CD1F7D}.Debug|x64.ActiveCfg = Debug|x64
		{D2A5E583-594D-4B2E-BC66-BE6586CD1F7D}.Debug|x64.Build.0 = Debug|x64
		{D2A5E583-594D-4B2E-BC66-BE6586CD1F7D}.Debug|x64.Deploy.0 = Debug|x64
		{D2A5E583-594D-4B2E-BC66-BE6586CD1F7D}.Release|Win32.ActiveCfg = Release|Win32
		{D2A5E583-594D-4B2E-BC66-BE6586CD1F7D}.Release|Win32.Build.0 = Release|Win32
		{D2A5E583-594D-4B2E-BC66-BE6586CD1F7D}.Release|Win32.Deploy.0 = Release|Win32
		{D2A5E583-594D-4B2E-BC66-BE6586CD1F7D}.Release|x64.ActiveCfg = Release|x64
		{D2A5E583-594D-4B2E-BC66-BE6586CD1F7D}.Release|x64.Build.0 = Release|x64
		{D2A5E583-594D-4B2E-BC66-BE6586CD1F7D}.Release|x64.Deploy.0 = Release|x64
		{7EBFB6BB-241D-481D-80E5-A96B0E6DDF9C}.Debug|Win32.ActiveCfg = Debug|Win32
		{7EBFB6BB-241D-481D-80E5-A96B0E6DDF9C}.Debug|Win32.Build.0 = Debug|Win32
		{7EBFB6BB-241D-481D-80E5-A96B0E6DDF9C}.Debug|Win32.Deploy.0 = Debug|Win32
		{7EBFB6BB-241D-481D-80E5-A96B0E6DDF9C}.Debug|x64.ActiveCfg = Debug|x64
		{7EBFB6BB-241D-481D-80E5-A96B0E6DDF9C}.Debug|x64.Build.0 = Debug|x64
		{7EBFB6BB-241D-481D-80E5-A96B0E6DDF9C}.Debug|x64.Deploy.0 = Debug|x64
		{7EBFB6BB-241D-481D-80E5-A96B0E6DDF9C}.Release|Win32.ActiveCfg = Release|Win32
		{7EBFB6BB-241D-481D-80E5-A96B0E6DDF9C}.Release|Win32.Build.0 = Release|Win32
		{7EBFB6BB-241D-481D-80E5-A96B0E6DDF9C}.Release|Win32.Deploy.0 = Release|Win32
		{7EBFB6BB-241D-481D-80E5-A96B0E6DDF9C}.Release|x64.ActiveCfg = Release|x64
		{7EBFB6BB-241D-481D-80E5-A96B0E6DDF9C}.Release|x64.Build.0 = Release|x64
		{7EBFB6BB-241D-481D-80E5-A96B0E6DDF9C}.Release|x64.Deploy.0 = Release|x64
		{4930BD81-201D-4EE5-A232-15A9011CD533}.Debug|Win32.ActiveCfg = Debug|Win32
		{4930BD81-201D-4EE5-A232-15A9011CD533}.Debug|Win32.Build.0 = Debug|Win32
		{4930BD81-201D-4EE5-A232-15A9011CD533}.Debug|Win32.Deploy.0 = Debug|Win32
		{4930BD81-201D-4EE5-A232-15A9011CD533}.Debug|x64.ActiveCfg = Debug|x64
		{4930BD81-201D-4EE5-A232-15A9011CD533}.Debug|x64.Build.0 = Debug|x64
		{4930BD81-201D-4EE5-A232-15A9011CD533}.Debug|x64.Deploy.0 = Debug|x64
		{4930BD81-201D-4EE5-A232-15A9011CD533}.Release|Win32.ActiveCfg = Release|Win32
		{4930BD81-201D-4EE5-A232-15A9011CD533}.Release|Win32.Build.0 = Release|Win32
		{4930BD81-201D-4EE5-A232-15A9011CD533}.Release|Win32.Deploy.0 = Release|Win32
		{4930BD81-201D-4EE5-A232-15A9011CD533}.Release|x64.ActiveCfg = Release|x64
		{4930BD81-201D-4EE5-A232-15A9011CD533}.Release|x64.Build.0 = Release|x64
		{4930BD81-201D-4EE5-A232-15A9011CD533}.Release|x64.Deploy.0 = Release|x64
		{E453865D-47AE-4648-8AEC-8F71E5F9FBC0}.Debug|Win32.ActiveCfg = Debug|Win32
		{E453865D-47AE-4648-8AEC-8F71E5F9FBC0}.Debug|Win32.Build.0 = Debug|Win32
		{E453865D-47AE-4648-8AEC-8F71E5F9FBC0}.Debug|Win32.Deploy.0 = Debug|Win32
		{E453865D-47AE-4648-8AEC-8F71E5F9FBC0}.Debug|x64.ActiveCfg = Debug|x64
		{E453865D-47AE-4648-8AEC-8F71E5F9FBC0}.Debug|x64.Build.0 = Debug|x64
		{E453865D-47AE-4648-8AEC-8F71E5F9FBC0}.Debug|x64.Deploy.0 = Debug|x64
		{E453865D-47AE-4648-8AEC-8F71E5F9FBC0}.Release|Win32.ActiveCfg = Release|Win32
		{E453865D-47AE-4648-8AEC-8F71E5F9FBC0}.Release|Win32.Build.0 = Release|Win32
		{E453865D-47AE-4648-8AEC-8F71E5F9FBC0}.Release|Win32.Deploy.0 = Release|Win32
		{E453865D-47AE-4648-8AEC-8F71E5F9FBC0}.Release|x64.ActiveCfg = Release|x64
		{E453865D-47AE-4648-8AEC-8F71E5F9FBC0}.Release|x64.Build.0 = Release|x64
		{E453865D-47AE-4648-8AEC-8F71E5F9FBC0}.Release|x64.Deploy.0 = Release|x64
		{B303CCC6-B6A5-4D4B-ABAB-43BA3865EA89}.Debug|Win32.ActiveCfg = Debug|Win32
		{B303CCC6-B6A5-4D4B-ABAB-43BA3865EA89}.Debug|Win32.Build.0 = Debug|Win32
		{B303CCC6-B6A5-4D4B-ABAB-43BA3865EA89}.Debug|Win32.Deploy.0 = Debug|Win32
		{B303CCC6-B6A5-4D4B-ABAB-43BA3865EA89}.Debug|x64.ActiveCfg = Debug|x64
		{B303CCC6-B6A5-4D4B-ABAB-43BA3865EA89}.Debug|x64.Build.0 = Debug|x64
		{B303CCC6-B6A5-4D4B-ABAB-43BA3865EA89}.Debug|x64.Deploy.0 = Debug|x64
		{B303CCC6-B6A5-4D4B-ABAB-43BA3865EA89}.Release|Win32.ActiveCfg = Release|Win32
		{B303CCC6-B6A5-4D4B-ABAB-43BA3865EA89}.Release|Win32.Build.0 = Release|Win32
		{B303CCC6-B6A5-4D4B-ABAB-43BA3865EA89}.Release|Win32.Deploy.0 = Release|Win32
		{B303CCC6-B6A5-4D4B-ABAB-43BA3865EA89}.Release|x64.ActiveCfg = Release|x64
		{B303CCC6-B6A5-4D4B-ABAB-43BA3865EA89}.Release|x64.Build.0 = Release|x64
		{B303CCC6-B6A5-4D4B-ABAB-43BA3865EA89}.Release|x64.Deploy.0 = Release|x64
	EndGlobalSection
	GlobalSection(SolutionProperties) = preSolution
		HideSolutionNode = FALSE
	EndGlobalSection
EndGlobal
